<?xml version="1.0" encoding="utf-8"?>
<Project ToolsVersion="4.0" xmlns="http://schemas.microsoft.com/developer/msbuild/2003">
  <ItemGroup>
    <Filter Include="Generated Files">
      <UniqueIdentifier>{71ED8ED8-ACB9-4CE9-BBE1-E00B30144E11}</UniqueIdentifier>
      <Extensions>moc;h;cpp</Extensions>
      <SourceControlFiles>False</SourceControlFiles>
    </Filter>
    <Filter Include="Utils">
      <UniqueIdentifier>{149caa85-6a1c-432c-913a-4cf16db2cfb9}</UniqueIdentifier>
    </Filter>
    <Filter Include="Tests">
      <UniqueIdentifier>{b63e547a-21fa-413a-a0f9-2dde5849909e}</UniqueIdentifier>
    </Filter>
    <Filter Include="Generated Files\Debug">
      <UniqueIdentifier>{ac25b7ff-100d-4e86-96b2-4062669b7a47}</UniqueIdentifier>
      <Extensions>cpp;moc</Extensions>
      <SourceControlFiles>False</SourceControlFiles>
    </Filter>
    <Filter Include="Generated Files\Release">
      <UniqueIdentifier>{d5c4ddf5-744d-4e4d-a36a-98b7b73e87ed}</UniqueIdentifier>
      <Extensions>cpp;moc</Extensions>
      <SourceControlFiles>False</SourceControlFiles>
    </Filter>
  </ItemGroup>
  <ItemGroup>
    <ClInclude Include="TestRunner.h">
      <Filter>Utils</Filter>
    </ClInclude>
  </ItemGroup>
  <ItemGroup>
    <ClCompile Include="main.cpp">
      <Filter>Utils</Filter>
    </ClCompile>
    <ClCompile Include="TestRunner.cpp">
      <Filter>Utils</Filter>
    </ClCompile>
    <ClCompile Include="SignalDataTests.cpp">
      <Filter>Tests</Filter>
    </ClCompile>
    <ClCompile Include="GeneratedFiles\Debug\moc_SignalDataTests.cpp">
      <Filter>Generated Files\Debug</Filter>
    </ClCompile>
    <ClCompile Include="GeneratedFiles\Release\moc_SignalDataTests.cpp">
      <Filter>Generated Files\Release</Filter>
    </ClCompile>
  </ItemGroup>
  <ItemGroup>
    <CustomBuild Include="SignalDataTests.h">
      <Filter>Tests</Filter>
    </CustomBuild>
  </ItemGroup>
</Project>