<?xml version="1.0" encoding="utf-8"?>
<Project ToolsVersion="4.0" xmlns="http://schemas.microsoft.com/developer/msbuild/2003">
  <ItemGroup>
    <Filter Include="Source Files">
      <UniqueIdentifier>{4FC737F1-C7A5-4376-A066-2A32D752A2FF}</UniqueIdentifier>
      <Extensions>cpp;cxx;c;def</Extensions>
    </Filter>
    <Filter Include="Header Files">
      <UniqueIdentifier>{93995380-89BD-4b04-88EB-625FBE52EBFB}</UniqueIdentifier>
      <Extensions>h</Extensions>
    </Filter>
    <Filter Include="Form Files">
      <UniqueIdentifier>{99349809-55BA-4b9d-BF79-8FDBB0286EB3}</UniqueIdentifier>
      <Extensions>ui</Extensions>
    </Filter>
    <Filter Include="Resource Files">
      <UniqueIdentifier>{D9D6E242-F8AF-46E4-B9FD-80ECBC20BA3E}</UniqueIdentifier>
      <Extensions>qrc;*</Extensions>
      <ParseFiles>false</ParseFiles>
    </Filter>
    <Filter Include="Generated Files">
      <UniqueIdentifier>{71ED8ED8-ACB9-4CE9-BBE1-E00B30144E11}</UniqueIdentifier>
      <Extensions>moc;h;cpp</Extensions>
      <SourceControlFiles>False</SourceControlFiles>
    </Filter>
    <Filter Include="Generated Files\Debug">
      <UniqueIdentifier>{834c92dd-ac63-4090-85e5-3dfaa90315ae}</UniqueIdentifier>
      <Extensions>cpp;moc</Extensions>
      <SourceControlFiles>False</SourceControlFiles>
    </Filter>
    <Filter Include="Generated Files\Release">
      <UniqueIdentifier>{c4867201-6cc4-42fe-bdbe-1a22d6362323}</UniqueIdentifier>
      <Extensions>cpp;moc</Extensions>
      <SourceControlFiles>False</SourceControlFiles>
    </Filter>
    <Filter Include="qml-lib">
      <UniqueIdentifier>{6c95314f-507a-414e-8b88-6a8a606adde5}</UniqueIdentifier>
    </Filter>
  </ItemGroup>
  <ItemGroup>
    <ClCompile Include="anvedi.cpp">
      <Filter>Source Files</Filter>
    </ClCompile>
    <ClCompile Include="GeneratedFiles\Debug\moc_anvedi.cpp">
      <Filter>Generated Files\Debug</Filter>
    </ClCompile>
    <ClCompile Include="GeneratedFiles\Release\moc_anvedi.cpp">
      <Filter>Generated Files\Release</Filter>
    </ClCompile>
    <ClCompile Include="GeneratedFiles\qrc_anvedi.cpp">
      <Filter>Generated Files</Filter>
    </ClCompile>
    <ClCompile Include="qcustomplot.cpp">
      <Filter>Source Files</Filter>
    </ClCompile>
    <ClCompile Include="GeneratedFiles\Debug\moc_qcustomplot.cpp">
      <Filter>Generated Files\Debug</Filter>
    </ClCompile>
    <ClCompile Include="GeneratedFiles\Release\moc_qcustomplot.cpp">
      <Filter>Generated Files\Release</Filter>
    </ClCompile>
    <ClCompile Include="GraphPresenter.cpp">
      <Filter>Source Files</Filter>
    </ClCompile>
    <ClCompile Include="GeneratedFiles\Debug\moc_GraphPresenter.cpp">
      <Filter>Generated Files\Debug</Filter>
    </ClCompile>
    <ClCompile Include="GeneratedFiles\Release\moc_GraphPresenter.cpp">
      <Filter>Generated Files\Release</Filter>
    </ClCompile>
    <ClCompile Include="PlotCursor.cpp">
      <Filter>Source Files</Filter>
    </ClCompile>
    <ClCompile Include="GeneratedFiles\Debug\moc_PlotCursor.cpp">
      <Filter>Generated Files\Debug</Filter>
    </ClCompile>
    <ClCompile Include="GeneratedFiles\Release\moc_PlotCursor.cpp">
      <Filter>Generated Files\Release</Filter>
    </ClCompile>
    <ClCompile Include="SignalListPresenter.cpp">
      <Filter>Source Files</Filter>
    </ClCompile>
    <ClCompile Include="GeneratedFiles\Debug\moc_SignalListPresenter.cpp">
      <Filter>Generated Files\Debug</Filter>
    </ClCompile>
    <ClCompile Include="GeneratedFiles\Release\moc_SignalListPresenter.cpp">
      <Filter>Generated Files\Release</Filter>
    </ClCompile>
    <ClCompile Include="ScriptManager.cpp">
      <Filter>Source Files</Filter>
    </ClCompile>
    <ClCompile Include="GeneratedFiles\Debug\moc_ScriptManager.cpp">
      <Filter>Generated Files\Debug</Filter>
    </ClCompile>
    <ClCompile Include="SignalData.cpp">
      <Filter>Source Files</Filter>
    </ClCompile>
    <ClCompile Include="GeneratedFiles\Debug\moc_SignalData.cpp">
      <Filter>Generated Files\Debug</Filter>
    </ClCompile>
    <ClCompile Include="SignalHandle.cpp">
      <Filter>Source Files</Filter>
    </ClCompile>
    <ClCompile Include="GeneratedFiles\Debug\moc_SignalHandle.cpp">
      <Filter>Generated Files\Debug</Filter>
    </ClCompile>
    <ClCompile Include="GeneratedFiles\Release\moc_ScriptManager.cpp">
      <Filter>Generated Files\Release</Filter>
    </ClCompile>
    <ClCompile Include="GeneratedFiles\Release\moc_SignalHandle.cpp">
      <Filter>Generated Files\Release</Filter>
    </ClCompile>
    <ClCompile Include="GeneratedFiles\Release\moc_SignalData.cpp">
      <Filter>Generated Files\Release</Filter>
    </ClCompile>
    <ClCompile Include="RectZoomer.cpp">
      <Filter>Source Files</Filter>
    </ClCompile>
    <ClCompile Include="GeneratedFiles\Debug\moc_RectZoomer.cpp">
      <Filter>Generated Files\Debug</Filter>
    </ClCompile>
    <ClCompile Include="GeneratedFiles\Release\moc_RectZoomer.cpp">
      <Filter>Generated Files\Release</Filter>
    </ClCompile>
    <ClCompile Include="PlotHandle.cpp">
      <Filter>Source Files</Filter>
    </ClCompile>
    <ClCompile Include="GeneratedFiles\Debug\moc_PlotHandle.cpp">
      <Filter>Generated Files\Debug</Filter>
    </ClCompile>
    <ClCompile Include="GeneratedFiles\Release\moc_PlotHandle.cpp">
      <Filter>Generated Files\Release</Filter>
    </ClCompile>
    <ClCompile Include="GeneratedFiles\Debug\moc_PlotInfo.cpp">
      <Filter>Generated Files\Debug</Filter>
    </ClCompile>
    <ClCompile Include="GeneratedFiles\Release\moc_PlotInfo.cpp">
      <Filter>Generated Files\Release</Filter>
    </ClCompile>
    <ClCompile Include="PlotInfo.cpp">
      <Filter>Source Files</Filter>
    </ClCompile>
    <ClCompile Include="Utils.cpp">
      <Filter>Source Files</Filter>
    </ClCompile>
    <ClCompile Include="GeneratedFiles\Debug\moc_qmlPen.cpp">
      <Filter>Generated Files\Debug</Filter>
    </ClCompile>
    <ClCompile Include="GeneratedFiles\Release\moc_qmlPen.cpp">
      <Filter>Generated Files\Release</Filter>
    </ClCompile>
    <ClCompile Include="qml-lib\qmlPen.cpp">
      <Filter>qml-lib</Filter>
    </ClCompile>
    <ClCompile Include="GeneratedFiles\Debug\moc_qmlScatterStyle.cpp">
      <Filter>Generated Files\Debug</Filter>
    </ClCompile>
    <ClCompile Include="qml-lib\qmlScatterStyle.cpp">
      <Filter>qml-lib</Filter>
    </ClCompile>
    <ClCompile Include="GeneratedFiles\Release\moc_qmlScatterStyle.cpp">
      <Filter>Generated Files\Release</Filter>
    </ClCompile>
    <ClCompile Include="GeneratedFiles\Debug\moc_qmlLegend.cpp">
      <Filter>Generated Files\Debug</Filter>
    </ClCompile>
    <ClCompile Include="GeneratedFiles\Release\moc_qmlLegend.cpp">
      <Filter>Generated Files\Release</Filter>
    </ClCompile>
    <ClCompile Include="qml-lib\qmlLegend.cpp">
      <Filter>qml-lib</Filter>
    </ClCompile>
    <ClCompile Include="GeneratedFiles\Debug\moc_qmlAxis.cpp">
      <Filter>Generated Files\Debug</Filter>
    </ClCompile>
    <ClCompile Include="qml-lib\qmlAxis.cpp">
      <Filter>qml-lib</Filter>
    </ClCompile>
    <ClCompile Include="GeneratedFiles\Debug\moc_qmlGraph.cpp">
      <Filter>Generated Files\Debug</Filter>
    </ClCompile>
    <ClCompile Include="qml-lib\qmlGraph.cpp">
      <Filter>qml-lib</Filter>
    </ClCompile>
    <ClCompile Include="GeneratedFiles\Release\moc_qmlGraph.cpp">
      <Filter>Generated Files\Release</Filter>
    </ClCompile>
    <ClCompile Include="GeneratedFiles\Debug\moc_qmlPlotPaintedItem.cpp">
      <Filter>Generated Files\Debug</Filter>
    </ClCompile>
    <ClCompile Include="GeneratedFiles\Release\moc_qmlPlotPaintedItem.cpp">
      <Filter>Generated Files\Release</Filter>
    </ClCompile>
    <ClCompile Include="qml-lib\qmlPlotPaintedItem.cpp">
      <Filter>qml-lib</Filter>
    </ClCompile>
    <ClCompile Include="GeneratedFiles\Release\moc_qmlAxis.cpp">
      <Filter>Generated Files\Release</Filter>
    </ClCompile>
    <ClCompile Include="qml-lib\RegisterAll.cpp">
      <Filter>qml-lib</Filter>
    </ClCompile>
    <ClCompile Include="WorkspaceSerializer.cpp">
      <Filter>Source Files</Filter>
    </ClCompile>
    <ClCompile Include="Signal.cpp">
      <Filter>Source Files</Filter>
    </ClCompile>
  </ItemGroup>
  <ItemGroup>
    <CustomBuild Include="anvedi.h">
      <Filter>Header Files</Filter>
    </CustomBuild>
    <CustomBuild Include="anvedi.ui">
      <Filter>Form Files</Filter>
    </CustomBuild>
    <CustomBuild Include="anvedi.qrc">
      <Filter>Resource Files</Filter>
    </CustomBuild>
    <CustomBuild Include="qcustomplot.h">
      <Filter>Header Files</Filter>
    </CustomBuild>
    <CustomBuild Include="GraphPresenter.h">
      <Filter>Header Files</Filter>
    </CustomBuild>
    <CustomBuild Include="PlotCursor.h">
      <Filter>Header Files</Filter>
    </CustomBuild>
    <CustomBuild Include="SignalListPresenter.h">
      <Filter>Header Files</Filter>
    </CustomBuild>
    <CustomBuild Include="Signal.h">
      <Filter>Header Files</Filter>
    </CustomBuild>
    <CustomBuild Include="ScriptManager.h">
      <Filter>Header Files</Filter>
    </CustomBuild>
    <CustomBuild Include="SignalData.h">
      <Filter>Header Files</Filter>
    </CustomBuild>
    <CustomBuild Include="SignalHandle.h">
      <Filter>Header Files</Filter>
    </CustomBuild>
    <CustomBuild Include="RectZoomer.h">
      <Filter>Header Files</Filter>
    </CustomBuild>
    <CustomBuild Include="PlotHandle.h">
      <Filter>Header Files</Filter>
    </CustomBuild>
    <CustomBuild Include="PlotInfo.h">
      <Filter>Header Files</Filter>
    </CustomBuild>
    <CustomBuild Include="qml-lib\qmlPen.h">
      <Filter>qml-lib</Filter>
    </CustomBuild>
    <CustomBuild Include="qml-lib\qmlScatterStyle.h">
      <Filter>qml-lib</Filter>
    </CustomBuild>
    <CustomBuild Include="qml-lib\qmlLegend.h">
      <Filter>qml-lib</Filter>
    </CustomBuild>
    <CustomBuild Include="qml-lib\qmlAxis.h">
      <Filter>qml-lib</Filter>
    </CustomBuild>
    <CustomBuild Include="qml-lib\qmlGraph.h">
      <Filter>qml-lib</Filter>
    </CustomBuild>
    <CustomBuild Include="qml-lib\qmlPlotPaintedItem.h">
      <Filter>qml-lib</Filter>
    </CustomBuild>
  </ItemGroup>
  <ItemGroup>
    <ClInclude Include="GeneratedFiles\ui_anvedi.h">
      <Filter>Generated Files</Filter>
    </ClInclude>
    <ClInclude Include="Utils.h">
      <Filter>Header Files</Filter>
    </ClInclude>
    <ClInclude Include="qml-lib\RegisterAll.h">
      <Filter>qml-lib</Filter>
    </ClInclude>
    <ClInclude Include="WorkspaceSerializer.h">
      <Filter>Header Files</Filter>
    </ClInclude>
  </ItemGroup>
</Project>